
Microsoft Visual Studio Solution File, Format Version 12.00
# Visual Studio Version 17
VisualStudioVersion = 17.11.35222.181
MinimumVisualStudioVersion = 10.0.40219.1
Project("{9A19103F-16F7-4668-BE54-9A1E7A4F7556}") = "Tyuiu.SavtsovNE.Sprint3.Task0.V23.Test", "Tyuiu.SavtsovNE.Sprint3.Task0.V23.Test\Tyuiu.SavtsovNE.Sprint3.Task0.V23.Test.csproj", "{AEAE79AC-7387-481B-8155-30466DA03572}"
EndProject
Project("{2150E333-8FDC-42A3-9474-1A3956D46DE8}") = "Task0", "Task0", "{981AFBA4-C172-4919-A815-DCADB7BAD164}"
EndProject
Project("{9A19103F-16F7-4668-BE54-9A1E7A4F7556}") = "Tyuiu.SavtsovNE.Sprint3.Task0.V23", "Tyuiu.SavtsovNE.Sprint3.Task0.V23\Tyuiu.SavtsovNE.Sprint3.Task0.V23.csproj", "{800D1879-5303-403A-A746-EC07B8B085E5}"
EndProject
Project("{9A19103F-16F7-4668-BE54-9A1E7A4F7556}") = "Tyuiu.SavtsovNE.Sprint3.Task0.V23.Lib", "Tyuiu.SavtsovNE.Sprint3.Task0.V23.Lib\Tyuiu.SavtsovNE.Sprint3.Task0.V23.Lib.csproj", "{0C570926-202B-4659-8F11-DE9082BF1AEA}"
EndProject
Project("{2150E333-8FDC-42A3-9474-1A3956D46DE8}") = "Task1", "Task1", "{E915290E-DFBE-43FA-BD83-662BB3EA2FDA}"
EndProject
Project("{9A19103F-16F7-4668-BE54-9A1E7A4F7556}") = "Tyuiu.SavtsovNE.Sprint3.Task1.V21", "Tyuiu.SavtsovNE.Sprint3.Task1.V21\Tyuiu.SavtsovNE.Sprint3.Task1.V21.csproj", "{A1014419-4934-4770-96BA-CE35DEBE6023}"
EndProject
Project("{9A19103F-16F7-4668-BE54-9A1E7A4F7556}") = "Tyuiu.SavtsovNE.Sprint3.Task1.V21.Lib", "Tyuiu.SavtsovNE.Sprint3.Task1.V21.Lib\Tyuiu.SavtsovNE.Sprint3.Task1.V21.Lib.csproj", "{4C4C758B-258A-48F4-B745-4987398D073F}"
EndProject
Project("{9A19103F-16F7-4668-BE54-9A1E7A4F7556}") = "Tyuiu.SavtsovNE.Sprint3.Task1.V21.Test", "Tyuiu.SavtsovNE.Sprint3.Task1.V21.Test\Tyuiu.SavtsovNE.Sprint3.Task1.V21.Test.csproj", "{2F8790E2-6573-4252-BD6F-D107031BAF83}"
EndProject
Project("{2150E333-8FDC-42A3-9474-1A3956D46DE8}") = "Task2", "Task2", "{B968F7AC-3B81-4744-87F1-142784B578BA}"
EndProject
Project("{9A19103F-16F7-4668-BE54-9A1E7A4F7556}") = "Tyuiu.SavtsovNE.Sprint3.Task2.V30", "Tyuiu.SavtsovNE.Sprint3.Task2.V30\Tyuiu.SavtsovNE.Sprint3.Task2.V30.csproj", "{C71735E3-8679-4636-A11D-93AD6B218277}"
EndProject
Project("{9A19103F-16F7-4668-BE54-9A1E7A4F7556}") = "Tyuiu.SavtsovNE.Sprint3.Task2.V30.Lib", "Tyuiu.SavtsovNE.Sprint3.Task2.V30.Lib\Tyuiu.SavtsovNE.Sprint3.Task2.V30.Lib.csproj", "{58B7F5ED-ED67-42E8-80A6-23C817D3967E}"
EndProject
Project("{9A19103F-16F7-4668-BE54-9A1E7A4F7556}") = "Tyuiu.SavtsovNE.Sprint3.Task2.V30.Test", "Tyuiu.SavtsovNE.Sprint3.Task2.V30.Test\Tyuiu.SavtsovNE.Sprint3.Task2.V30.Test.csproj", "{B13699D4-BB5D-44D1-B539-F09D5DC08DB7}"
EndProject
Project("{2150E333-8FDC-42A3-9474-1A3956D46DE8}") = "Task3", "Task3", "{B56A456E-B4FF-4F45-873A-FE74D22B191F}"
EndProject
Project("{FAE04EC0-301F-11D3-BF4B-00C04F79EFBC}") = "Tyuiu.SavtsovNE.Sprint3.Task3.V1", "Tyuiu.SavtsovNE.Sprint3.Task3.V1\Tyuiu.SavtsovNE.Sprint3.Task3.V1.csproj", "{8360DABF-9FA5-4B4B-87C8-572598DE41CA}"
EndProject
Project("{FAE04EC0-301F-11D3-BF4B-00C04F79EFBC}") = "Tyuiu.SavtsovNE.Sprint3.Task3.V1.Test", "Tyuiu.SavtsovNE.Sprint3.Task3.V1.Test\Tyuiu.SavtsovNE.Sprint3.Task3.V1.Test.csproj", "{0A3BAC1B-1E54-49CD-8281-4E8BB7DB9E43}"
EndProject
Project("{FAE04EC0-301F-11D3-BF4B-00C04F79EFBC}") = "Tyuiu.SavtsovNE.Sprint3.Task3.V1.Lib", "Tyuiu.SavtsovNE.Sprint3.Task3.V1.Lib\Tyuiu.SavtsovNE.Sprint3.Task3.V1.Lib.csproj", "{A643D8EC-0A19-4D45-8125-E06FE400CD05}"
EndProject
Global
	GlobalSection(SolutionConfigurationPlatforms) = preSolution
		Debug|Any CPU = Debug|Any CPU
		Release|Any CPU = Release|Any CPU
	EndGlobalSection
	GlobalSection(ProjectConfigurationPlatforms) = postSolution
		{AEAE79AC-7387-481B-8155-30466DA03572}.Debug|Any CPU.ActiveCfg = Debug|Any CPU
		{AEAE79AC-7387-481B-8155-30466DA03572}.Debug|Any CPU.Build.0 = Debug|Any CPU
		{AEAE79AC-7387-481B-8155-30466DA03572}.Release|Any CPU.ActiveCfg = Release|Any CPU
		{AEAE79AC-7387-481B-8155-30466DA03572}.Release|Any CPU.Build.0 = Release|Any CPU
		{800D1879-5303-403A-A746-EC07B8B085E5}.Debug|Any CPU.ActiveCfg = Debug|Any CPU
		{800D1879-5303-403A-A746-EC07B8B085E5}.Debug|Any CPU.Build.0 = Debug|Any CPU
		{800D1879-5303-403A-A746-EC07B8B085E5}.Release|Any CPU.ActiveCfg = Release|Any CPU
		{800D1879-5303-403A-A746-EC07B8B085E5}.Release|Any CPU.Build.0 = Release|Any CPU
		{0C570926-202B-4659-8F11-DE9082BF1AEA}.Debug|Any CPU.ActiveCfg = Debug|Any CPU
		{0C570926-202B-4659-8F11-DE9082BF1AEA}.Debug|Any CPU.Build.0 = Debug|Any CPU
		{0C570926-202B-4659-8F11-DE9082BF1AEA}.Release|Any CPU.ActiveCfg = Release|Any CPU
		{0C570926-202B-4659-8F11-DE9082BF1AEA}.Release|Any CPU.Build.0 = Release|Any CPU
		{A1014419-4934-4770-96BA-CE35DEBE6023}.Debug|Any CPU.ActiveCfg = Debug|Any CPU
		{A1014419-4934-4770-96BA-CE35DEBE6023}.Debug|Any CPU.Build.0 = Debug|Any CPU
		{A1014419-4934-4770-96BA-CE35DEBE6023}.Release|Any CPU.ActiveCfg = Release|Any CPU
		{A1014419-4934-4770-96BA-CE35DEBE6023}.Release|Any CPU.Build.0 = Release|Any CPU
		{4C4C758B-258A-48F4-B745-4987398D073F}.Debug|Any CPU.ActiveCfg = Debug|Any CPU
		{4C4C758B-258A-48F4-B745-4987398D073F}.Debug|Any CPU.Build.0 = Debug|Any CPU
		{4C4C758B-258A-48F4-B745-4987398D073F}.Release|Any CPU.ActiveCfg = Release|Any CPU
		{4C4C758B-258A-48F4-B745-4987398D073F}.Release|Any CPU.Build.0 = Release|Any CPU
		{2F8790E2-6573-4252-BD6F-D107031BAF83}.Debug|Any CPU.ActiveCfg = Debug|Any CPU
		{2F8790E2-6573-4252-BD6F-D107031BAF83}.Debug|Any CPU.Build.0 = Debug|Any CPU
		{2F8790E2-6573-4252-BD6F-D107031BAF83}.Release|Any CPU.ActiveCfg = Release|Any CPU
		{2F8790E2-6573-4252-BD6F-D107031BAF83}.Release|Any CPU.Build.0 = Release|Any CPU
		{C71735E3-8679-4636-A11D-93AD6B218277}.Debug|Any CPU.ActiveCfg = Debug|Any CPU
		{C71735E3-8679-4636-A11D-93AD6B218277}.Debug|Any CPU.Build.0 = Debug|Any CPU
		{C71735E3-8679-4636-A11D-93AD6B218277}.Release|Any CPU.ActiveCfg = Release|Any CPU
		{C71735E3-8679-4636-A11D-93AD6B218277}.Release|Any CPU.Build.0 = Release|Any CPU
		{58B7F5ED-ED67-42E8-80A6-23C817D3967E}.Debug|Any CPU.ActiveCfg = Debug|Any CPU
		{58B7F5ED-ED67-42E8-80A6-23C817D3967E}.Debug|Any CPU.Build.0 = Debug|Any CPU
		{58B7F5ED-ED67-42E8-80A6-23C817D3967E}.Release|Any CPU.ActiveCfg = Release|Any CPU
		{58B7F5ED-ED67-42E8-80A6-23C817D3967E}.Release|Any CPU.Build.0 = Release|Any CPU
		{B13699D4-BB5D-44D1-B539-F09D5DC08DB7}.Debug|Any CPU.ActiveCfg = Debug|Any CPU
		{B13699D4-BB5D-44D1-B539-F09D5DC08DB7}.Debug|Any CPU.Build.0 = Debug|Any CPU
		{B13699D4-BB5D-44D1-B539-F09D5DC08DB7}.Release|Any CPU.ActiveCfg = Release|Any CPU
		{B13699D4-BB5D-44D1-B539-F09D5DC08DB7}.Release|Any CPU.Build.0 = Release|Any CPU
		{8360DABF-9FA5-4B4B-87C8-572598DE41CA}.Debug|Any CPU.ActiveCfg = Debug|Any CPU
		{8360DABF-9FA5-4B4B-87C8-572598DE41CA}.Debug|Any CPU.Build.0 = Debug|Any CPU
		{8360DABF-9FA5-4B4B-87C8-572598DE41CA}.Release|Any CPU.ActiveCfg = Release|Any CPU
		{8360DABF-9FA5-4B4B-87C8-572598DE41CA}.Release|Any CPU.Build.0 = Release|Any CPU
		{0A3BAC1B-1E54-49CD-8281-4E8BB7DB9E43}.Debug|Any CPU.ActiveCfg = Debug|Any CPU
		{0A3BAC1B-1E54-49CD-8281-4E8BB7DB9E43}.Debug|Any CPU.Build.0 = Debug|Any CPU
		{0A3BAC1B-1E54-49CD-8281-4E8BB7DB9E43}.Release|Any CPU.ActiveCfg = Release|Any CPU
		{0A3BAC1B-1E54-49CD-8281-4E8BB7DB9E43}.Release|Any CPU.Build.0 = Release|Any CPU
		{A643D8EC-0A19-4D45-8125-E06FE400CD05}.Debug|Any CPU.ActiveCfg = Debug|Any CPU
		{A643D8EC-0A19-4D45-8125-E06FE400CD05}.Debug|Any CPU.Build.0 = Debug|Any CPU
		{A643D8EC-0A19-4D45-8125-E06FE400CD05}.Release|Any CPU.ActiveCfg = Release|Any CPU
		{A643D8EC-0A19-4D45-8125-E06FE400CD05}.Release|Any CPU.Build.0 = Release|Any CPU
	EndGlobalSection
	GlobalSection(SolutionProperties) = preSolution
		HideSolutionNode = FALSE
	EndGlobalSection
	GlobalSection(NestedProjects) = preSolution
		{AEAE79AC-7387-481B-8155-30466DA03572} = {981AFBA4-C172-4919-A815-DCADB7BAD164}
		{800D1879-5303-403A-A746-EC07B8B085E5} = {981AFBA4-C172-4919-A815-DCADB7BAD164}
		{0C570926-202B-4659-8F11-DE9082BF1AEA} = {981AFBA4-C172-4919-A815-DCADB7BAD164}
		{A1014419-4934-4770-96BA-CE35DEBE6023} = {E915290E-DFBE-43FA-BD83-662BB3EA2FDA}
		{4C4C758B-258A-48F4-B745-4987398D073F} = {E915290E-DFBE-43FA-BD83-662BB3EA2FDA}
		{2F8790E2-6573-4252-BD6F-D107031BAF83} = {E915290E-DFBE-43FA-BD83-662BB3EA2FDA}
		{C71735E3-8679-4636-A11D-93AD6B218277} = {B968F7AC-3B81-4744-87F1-142784B578BA}
		{58B7F5ED-ED67-42E8-80A6-23C817D3967E} = {B968F7AC-3B81-4744-87F1-142784B578BA}
		{B13699D4-BB5D-44D1-B539-F09D5DC08DB7} = {B968F7AC-3B81-4744-87F1-142784B578BA}
		{8360DABF-9FA5-4B4B-87C8-572598DE41CA} = {B56A456E-B4FF-4F45-873A-FE74D22B191F}
		{0A3BAC1B-1E54-49CD-8281-4E8BB7DB9E43} = {B56A456E-B4FF-4F45-873A-FE74D22B191F}
		{A643D8EC-0A19-4D45-8125-E06FE400CD05} = {B56A456E-B4FF-4F45-873A-FE74D22B191F}
	EndGlobalSection
	GlobalSection(ExtensibilityGlobals) = postSolution
		SolutionGuid = {09EC8664-EA9C-4531-A336-0F22CE2BCF68}
	EndGlobalSection
EndGlobal
